// !$*UTF8*$!
{
	archiveVersion = 1;
	classes = {
	};
	objectVersion = 50;
	objects = {

/* Begin PBXBuildFile section */
		5664F3162538281C00BAF3FD /* AppDelegate.swift in Sources */ = {isa = PBXBuildFile; fileRef = 5664F3152538281C00BAF3FD /* AppDelegate.swift */; };
		5664F3182538281C00BAF3FD /* SceneDelegate.swift in Sources */ = {isa = PBXBuildFile; fileRef = 5664F3172538281C00BAF3FD /* SceneDelegate.swift */; };
		5664F31A2538281C00BAF3FD /* ViewController.swift in Sources */ = {isa = PBXBuildFile; fileRef = 5664F3192538281C00BAF3FD /* ViewController.swift */; };
		5664F31D2538281C00BAF3FD /* Main.storyboard in Resources */ = {isa = PBXBuildFile; fileRef = 5664F31B2538281C00BAF3FD /* Main.storyboard */; };
		5664F31F2538281D00BAF3FD /* Assets.xcassets in Resources */ = {isa = PBXBuildFile; fileRef = 5664F31E2538281D00BAF3FD /* Assets.xcassets */; };
		5664F3222538281D00BAF3FD /* LaunchScreen.storyboard in Resources */ = {isa = PBXBuildFile; fileRef = 5664F3202538281D00BAF3FD /* LaunchScreen.storyboard */; };
		5664F32B25382CA300BAF3FD /* LoginViewController.swift in Sources */ = {isa = PBXBuildFile; fileRef = 5664F32A25382CA300BAF3FD /* LoginViewController.swift */; };
		5664F32E25382CC500BAF3FD /* SignUpViewController.swift in Sources */ = {isa = PBXBuildFile; fileRef = 5664F32D25382CC500BAF3FD /* SignUpViewController.swift */; };
		5664F331253830E500BAF3FD /* NavigationViewController.swift in Sources */ = {isa = PBXBuildFile; fileRef = 5664F330253830E500BAF3FD /* NavigationViewController.swift */; };
/* End PBXBuildFile section */

/* Begin PBXFileReference section */
		5664F3122538281C00BAF3FD /* practice-present-push-pop.app */ = {isa = PBXFileReference; explicitFileType = wrapper.application; includeInIndex = 0; path = "practice-present-push-pop.app"; sourceTree = BUILT_PRODUCTS_DIR; };
		5664F3152538281C00BAF3FD /* AppDelegate.swift */ = {isa = PBXFileReference; lastKnownFileType = sourcecode.swift; path = AppDelegate.swift; sourceTree = "<group>"; };
		5664F3172538281C00BAF3FD /* SceneDelegate.swift */ = {isa = PBXFileReference; lastKnownFileType = sourcecode.swift; path = SceneDelegate.swift; sourceTree = "<group>"; };
		5664F3192538281C00BAF3FD /* ViewController.swift */ = {isa = PBXFileReference; lastKnownFileType = sourcecode.swift; path = ViewController.swift; sourceTree = "<group>"; };
		5664F31C2538281C00BAF3FD /* Base */ = {isa = PBXFileReference; lastKnownFileType = file.storyboard; name = Base; path = Base.lproj/Main.storyboard; sourceTree = "<group>"; };
		5664F31E2538281D00BAF3FD /* Assets.xcassets */ = {isa = PBXFileReference; lastKnownFileType = folder.assetcatalog; path = Assets.xcassets; sourceTree = "<group>"; };
		5664F3212538281D00BAF3FD /* Base */ = {isa = PBXFileReference; lastKnownFileType = file.storyboard; name = Base; path = Base.lproj/LaunchScreen.storyboard; sourceTree = "<group>"; };
		5664F3232538281D00BAF3FD /* Info.plist */ = {isa = PBXFileReference; lastKnownFileType = text.plist.xml; path = Info.plist; sourceTree = "<group>"; };
		5664F32A25382CA300BAF3FD /* LoginViewController.swift */ = {isa = PBXFileReference; lastKnownFileType = sourcecode.swift; path = LoginViewController.swift; sourceTree = "<group>"; };
		5664F32D25382CC500BAF3FD /* SignUpViewController.swift */ = {isa = PBXFileReference; lastKnownFileType = sourcecode.swift; path = SignUpViewController.swift; sourceTree = "<group>"; };
		5664F330253830E500BAF3FD /* NavigationViewController.swift */ = {isa = PBXFileReference; lastKnownFileType = sourcecode.swift; path = NavigationViewController.swift; sourceTree = "<group>"; };
/* End PBXFileReference section */

/* Begin PBXFrameworksBuildPhase section */
		5664F30F2538281C00BAF3FD /* Frameworks */ = {
			isa = PBXFrameworksBuildPhase;
			buildActionMask = 2147483647;
			files = (
			);
			runOnlyForDeploymentPostprocessing = 0;
		};
/* End PBXFrameworksBuildPhase section */

/* Begin PBXGroup section */
		5664F3092538281C00BAF3FD = {
			isa = PBXGroup;
			children = (
				5664F3142538281C00BAF3FD /* practice-present-push-pop */,
				5664F3132538281C00BAF3FD /* Products */,
			);
			sourceTree = "<group>";
		};
		5664F3132538281C00BAF3FD /* Products */ = {
			isa = PBXGroup;
			children = (
				5664F3122538281C00BAF3FD /* practice-present-push-pop.app */,
			);
			name = Products;
			sourceTree = "<group>";
		};
		5664F3142538281C00BAF3FD /* practice-present-push-pop */ = {
			isa = PBXGroup;
			children = (
				5664F3152538281C00BAF3FD /* AppDelegate.swift */,
				5664F3172538281C00BAF3FD /* SceneDelegate.swift */,
				5664F3192538281C00BAF3FD /* ViewController.swift */,
				5664F31B2538281C00BAF3FD /* Main.storyboard */,
				5664F330253830E500BAF3FD /* NavigationViewController.swift */,
				5664F32D25382CC500BAF3FD /* SignUpViewController.swift */,
				5664F32A25382CA300BAF3FD /* LoginViewController.swift */,
				5664F31E2538281D00BAF3FD /* Assets.xcassets */,
				5664F3202538281D00BAF3FD /* LaunchScreen.storyboard */,
				5664F3232538281D00BAF3FD /* Info.plist */,
			);
			path = "practice-present-push-pop";
			sourceTree = "<group>";
		};
/* End PBXGroup section */

/* Begin PBXNativeTarget section */
		5664F3112538281C00BAF3FD /* practice-present-push-pop */ = {
			isa = PBXNativeTarget;
			buildConfigurationList = 5664F3262538281D00BAF3FD /* Build configuration list for PBXNativeTarget "practice-present-push-pop" */;
			buildPhases = (
				5664F30E2538281C00BAF3FD /* Sources */,
				5664F30F2538281C00BAF3FD /* Frameworks */,
				5664F3102538281C00BAF3FD /* Resources */,
			);
			buildRules = (
			);
			dependencies = (
			);
			name = "practice-present-push-pop";
			productName = "practice-present-push-pop";
			productReference = 5664F3122538281C00BAF3FD /* practice-present-push-pop.app */;
			productType = "com.apple.product-type.application";
		};
/* End PBXNativeTarget section */

/* Begin PBXProject section */
		5664F30A2538281C00BAF3FD /* Project object */ = {
			isa = PBXProject;
			attributes = {
				LastSwiftUpdateCheck = 1200;
				LastUpgradeCheck = 1200;
				TargetAttributes = {
					5664F3112538281C00BAF3FD = {
						CreatedOnToolsVersion = 12.0.1;
					};
				};
			};
			buildConfigurationList = 5664F30D2538281C00BAF3FD /* Build configuration list for PBXProject "practice-present-push-pop" */;
			compatibilityVersion = "Xcode 9.3";
			developmentRegion = en;
			hasScannedForEncodings = 0;
			knownRegions = (
				en,
				Base,
			);
			mainGroup = 5664F3092538281C00BAF3FD;
			productRefGroup = 5664F3132538281C00BAF3FD /* Products */;
			projectDirPath = "";
			projectRoot = "";
			targets = (
				5664F3112538281C00BAF3FD /* practice-present-push-pop */,
			);
		};
/* End PBXProject section */

/* Begin PBXResourcesBuildPhase section */
		5664F3102538281C00BAF3FD /* Resources */ = {
			isa = PBXResourcesBuildPhase;
			buildActionMask = 2147483647;
			files = (
				5664F3222538281D00BAF3FD /* LaunchScreen.storyboard in Resources */,
				5664F31F2538281D00BAF3FD /* Assets.xcassets in Resources */,
				5664F31D2538281C00BAF3FD /* Main.storyboard in Resources */,
			);
			runOnlyForDeploymentPostprocessing = 0;
		};
/* End PBXResourcesBuildPhase section */

/* Begin PBXSourcesBuildPhase section */
		5664F30E2538281C00BAF3FD /* Sources */ = {
			isa = PBXSourcesBuildPhase;
			buildActionMask = 2147483647;
			files = (
				5664F331253830E500BAF3FD /* NavigationViewController.swift in Sources */,
				5664F32B25382CA300BAF3FD /* LoginViewController.swift in Sources */,
				5664F31A2538281C00BAF3FD /* ViewController.swift in Sources */,
				5664F3162538281C00BAF3FD /* AppDelegate.swift in Sources */,
				5664F3182538281C00BAF3FD /* SceneDelegate.swift in Sources */,
				5664F32E25382CC500BAF3FD /* SignUpViewController.swift in Sources */,
			);
			runOnlyForDeploymentPostprocessing = 0;
		};
/* End PBXSourcesBuildPhase section */

/* Begin PBXVariantGroup section */
		5664F31B2538281C00BAF3FD /* Main.storyboard */ = {
			isa = PBXVariantGroup;
			children = (
				5664F31C2538281C00BAF3FD /* Base */,
			);
			name = Main.storyboard;
			sourceTree = "<group>";
		};
		5664F3202538281D00BAF3FD /* LaunchScreen.storyboard */ = {
			isa = PBXVariantGroup;
			children = (
				5664F3212538281D00BAF3FD /* Base */,
			);
			name = LaunchScreen.storyboard;
			sourceTree = "<group>";
		};
/* End PBXVariantGroup section */

/* Begin XCBuildConfiguration section */
		5664F3242538281D00BAF3FD /* Debug */ = {
			isa = XCBuildConfiguration;
			buildSettings = {
				ALWAYS_SEARCH_USER_PATHS = NO;
				CLANG_ANALYZER_NONNULL = YES;
				CLANG_ANALYZER_NUMBER_OBJECT_CONVERSION = YES_AGGRESSIVE;
				CLANG_CXX_LANGUAGE_STANDARD = "gnu++14";
				CLANG_CXX_LIBRARY = "libc++";
				CLANG_ENABLE_MODULES = YES;
				CLANG_ENABLE_OBJC_ARC = YES;
				CLANG_ENABLE_OBJC_WEAK = YES;
				CLANG_WARN_BLOCK_CAPTURE_AUTORELEASING = YES;
				CLANG_WARN_BOOL_CONVERSION = YES;
				CLANG_WARN_COMMA = YES;
				CLANG_WARN_CONSTANT_CONVERSION = YES;
				CLANG_WARN_DEPRECATED_OBJC_IMPLEMENTATIONS = YES;
				CLANG_WARN_DIRECT_OBJC_ISA_USAGE = YES_ERROR;
				CLANG_WARN_DOCUMENTATION_COMMENTS = YES;
				CLANG_WARN_EMPTY_BODY = YES;
				CLANG_WARN_ENUM_CONVERSION = YES;
				CLANG_WARN_INFINITE_RECURSION = YES;
				CLANG_WARN_INT_CONVERSION = YES;
				CLANG_WARN_NON_LITERAL_NULL_CONVERSION = YES;
				CLANG_WARN_OBJC_IMPLICIT_RETAIN_SELF = YES;
				CLANG_WARN_OBJC_LITERAL_CONVERSION = YES;
				CLANG_WARN_OBJC_ROOT_CLASS = YES_ERROR;
				CLANG_WARN_QUOTED_INCLUDE_IN_FRAMEWORK_HEADER = YES;
				CLANG_WARN_RANGE_LOOP_ANALYSIS = YES;
				CLANG_WARN_STRICT_PROTOTYPES = YES;
				CLANG_WARN_SUSPICIOUS_MOVE = YES;
				CLANG_WARN_UNGUARDED_AVAILABILITY = YES_AGGRESSIVE;
				CLANG_WARN_UNREACHABLE_CODE = YES;
				CLANG_WARN__DUPLICATE_METHOD_MATCH = YES;
				COPY_PHASE_STRIP = NO;
				DEBUG_INFORMATION_FORMAT = dwarf;
				ENABLE_STRICT_OBJC_MSGSEND = YES;
				ENABLE_TESTABILITY = YES;
				GCC_C_LANGUAGE_STANDARD = gnu11;
				GCC_DYNAMIC_NO_PIC = NO;
				GCC_NO_COMMON_BLOCKS = YES;
				GCC_OPTIMIZATION_LEVEL = 0;
				GCC_PREPROCESSOR_DEFINITIONS = (
					"DEBUG=1",
					"$(inherited)",
				);
				GCC_WARN_64_TO_32_BIT_CONVERSION = YES;
				GCC_WARN_ABOUT_RETURN_TYPE = YES_ERROR;
				GCC_WARN_UNDECLARED_SELECTOR = YES;
				GCC_WARN_UNINITIALIZED_AUTOS = YES_AGGRESSIVE;
				GCC_WARN_UNUSED_FUNCTION = YES;
				GCC_WARN_UNUSED_VARIABLE = YES;
				IPHONEOS_DEPLOYMENT_TARGET = 14.0;
				MTL_ENABLE_DEBUG_INFO = INCLUDE_SOURCE;
				MTL_FAST_MATH = YES;
				ONLY_ACTIVE_ARCH = YES;
				SDKROOT = iphoneos;
				SWIFT_ACTIVE_COMPILATION_CONDITIONS = DEBUG;
				SWIFT_OPTIMIZATION_LEVEL = "-Onone";
			};
			name = Debug;
		};
		5664F3252538281D00BAF3FD /* Release */ = {
			isa = XCBuildConfiguration;
			buildSettings = {
				ALWAYS_SEARCH_USER_PATHS = NO;
				CLANG_ANALYZER_NONNULL = YES;
				CLANG_ANALYZER_NUMBER_OBJECT_CONVERSION = YES_AGGRESSIVE;
				CLANG_CXX_LANGUAGE_STANDARD = "gnu++14";
				CLANG_CXX_LIBRARY = "libc++";
				CLANG_ENABLE_MODULES = YES;
				CLANG_ENABLE_OBJC_ARC = YES;
				CLANG_ENABLE_OBJC_WEAK = YES;
				CLANG_WARN_BLOCK_CAPTURE_AUTORELEASING = YES;
				CLANG_WARN_BOOL_CONVERSION = YES;
				CLANG_WARN_COMMA = YES;
				CLANG_WARN_CONSTANT_CONVERSION = YES;
				CLANG_WARN_DEPRECATED_OBJC_IMPLEMENTATIONS = YES;
				CLANG_WARN_DIRECT_OBJC_ISA_USAGE = YES_ERROR;
				CLANG_WARN_DOCUMENTATION_COMMENTS = YES;
				CLANG_WARN_EMPTY_BODY = YES;
				CLANG_WARN_ENUM_CONVERSION = YES;
				CLANG_WARN_INFINITE_RECURSION = YES;
				CLANG_WARN_INT_CONVERSION = YES;
				CLANG_WARN_NON_LITERAL_NULL_CONVERSION = YES;
				CLANG_WARN_OBJC_IMPLICIT_RETAIN_SELF = YES;
				CLANG_WARN_OBJC_LITERAL_CONVERSION = YES;
				CLANG_WARN_OBJC_ROOT_CLASS = YES_ERROR;
				CLANG_WARN_QUOTED_INCLUDE_IN_FRAMEWORK_HEADER = YES;
				CLANG_WARN_RANGE_LOOP_ANALYSIS = YES;
				CLANG_WARN_STRICT_PROTOTYPES = YES;
				CLANG_WARN_SUSPICIOUS_MOVE = YES;
				CLANG_WARN_UNGUARDED_AVAILABILITY = YES_AGGRESSIVE;
				CLANG_WARN_UNREACHABLE_CODE = YES;
				CLANG_WARN__DUPLICATE_METHOD_MATCH = YES;
				COPY_PHASE_STRIP = NO;
				DEBUG_INFORMATION_FORMAT = "dwarf-with-dsym";
				ENABLE_NS_ASSERTIONS = NO;
				ENABLE_STRICT_OBJC_MSGSEND = YES;
				GCC_C_LANGUAGE_STANDARD = gnu11;
				GCC_NO_COMMON_BLOCKS = YES;
				GCC_WARN_64_TO_32_BIT_CONVERSION = YES;
				GCC_WARN_ABOUT_RETURN_TYPE = YES_ERROR;
				GCC_WARN_UNDECLARED_SELECTOR = YES;
				GCC_WARN_UNINITIALIZED_AUTOS = YES_AGGRESSIVE;
				GCC_WARN_UNUSED_FUNCTION = YES;
				GCC_WARN_UNUSED_VARIABLE = YES;
				IPHONEOS_DEPLOYMENT_TARGET = 14.0;
				MTL_ENABLE_DEBUG_INFO = NO;
				MTL_FAST_MATH = YES;
				SDKROOT = iphoneos;
				SWIFT_COMPILATION_MODE = wholemodule;
				SWIFT_OPTIMIZATION_LEVEL = "-O";
				VALIDATE_PRODUCT = YES;
			};
			name = Release;
		};
		5664F3272538281D00BAF3FD /* Debug */ = {
			isa = XCBuildConfiguration;
			buildSettings = {
				ASSETCATALOG_COMPILER_APPICON_NAME = AppIcon;
				ASSETCATALOG_COMPILER_GLOBAL_ACCENT_COLOR_NAME = AccentColor;
				CODE_SIGN_STYLE = Automatic;
				DEVELOPMENT_TEAM = EQ7Z68Z2F2;
				INFOPLIST_FILE = "practice-present-push-pop/Info.plist";
				LD_RUNPATH_SEARCH_PATHS = (
					"$(inherited)",
					"@executable_path/Frameworks",
				);
				PRODUCT_BUNDLE_IDENTIFIER = "choyi.practice-present-push-pop";
				PRODUCT_NAME = "$(TARGET_NAME)";
				SWIFT_VERSION = 5.0;
				TARGETED_DEVICE_FAMILY = "1,2";
			};
			name = Debug;
		};
		5664F3282538281D00BAF3FD /* Release */ = {
			isa = XCBuildConfiguration;
			buildSettings = {
				ASSETCATALOG_COMPILER_APPICON_NAME = AppIcon;
				ASSETCATALOG_COMPILER_GLOBAL_ACCENT_COLOR_NAME = AccentColor;
				CODE_SIGN_STYLE = Automatic;
				DEVELOPMENT_TEAM = EQ7Z68Z2F2;
				INFOPLIST_FILE = "practice-present-push-pop/Info.plist";
				LD_RUNPATH_SEARCH_PATHS = (
					"$(inherited)",
					"@executable_path/Frameworks",
				);
				PRODUCT_BUNDLE_IDENTIFIER = "choyi.practice-present-push-pop";
				PRODUCT_NAME = "$(TARGET_NAME)";
				SWIFT_VERSION = 5.0;
				TARGETED_DEVICE_FAMILY = "1,2";
			};
			name = Release;
		};
/* End XCBuildConfiguration section */

/* Begin XCConfigurationList section */
		5664F30D2538281C00BAF3FD /* Build configuration list for PBXProject "practice-present-push-pop" */ = {
			isa = XCConfigurationList;
			buildConfigurations = (
				5664F3242538281D00BAF3FD /* Debug */,
				5664F3252538281D00BAF3FD /* Release */,
			);
			defaultConfigurationIsVisible = 0;
			defaultConfigurationName = Release;
		};
		5664F3262538281D00BAF3FD /* Build configuration list for PBXNativeTarget "practice-present-push-pop" */ = {
			isa = XCConfigurationList;
			buildConfigurations = (
				5664F3272538281D00BAF3FD /* Debug */,
				5664F3282538281D00BAF3FD /* Release */,
			);
			defaultConfigurationIsVisible = 0;
			defaultConfigurationName = Release;
		};
/* End XCConfigurationList section */
	};
	rootObject = 5664F30A2538281C00BAF3FD /* Project object */;
}
